// !$*UTF8*$!
{
	archiveVersion = 1;
	classes = {
	};
	objectVersion = 50;
	objects = {

/* Begin PBXBuildFile section */
		4ACB58622259A0FA00387BC6 /* AppDelegate.swift in Sources */ = {isa = PBXBuildFile; fileRef = 4ACB58612259A0FA00387BC6 /* AppDelegate.swift */; };
		4ACB58672259A0FA00387BC6 /* Main.storyboard in Resources */ = {isa = PBXBuildFile; fileRef = 4ACB58652259A0FA00387BC6 /* Main.storyboard */; };
		4ACB58692259A0FC00387BC6 /* Assets.xcassets in Resources */ = {isa = PBXBuildFile; fileRef = 4ACB58682259A0FC00387BC6 /* Assets.xcassets */; };
		4ACB586C2259A0FC00387BC6 /* LaunchScreen.storyboard in Resources */ = {isa = PBXBuildFile; fileRef = 4ACB586A2259A0FC00387BC6 /* LaunchScreen.storyboard */; };
		4ACB58742259A1A200387BC6 /* TasksController.swift in Sources */ = {isa = PBXBuildFile; fileRef = 4ACB58732259A1A200387BC6 /* TasksController.swift */; };
		4ACB58762259F0F200387BC6 /* Task.swift in Sources */ = {isa = PBXBuildFile; fileRef = 4ACB58752259F0F200387BC6 /* Task.swift */; };
		4ACB58782259F18300387BC6 /* TaskStore.swift in Sources */ = {isa = PBXBuildFile; fileRef = 4ACB58772259F18300387BC6 /* TaskStore.swift */; };
		4ACB587F225A34D800387BC6 /* TasksUtility.swift in Sources */ = {isa = PBXBuildFile; fileRef = 4ACB587E225A34D800387BC6 /* TasksUtility.swift */; };
/* End PBXBuildFile section */

/* Begin PBXFileReference section */
		4ACB585E2259A0FA00387BC6 /* Taskly.app */ = {isa = PBXFileReference; explicitFileType = wrapper.application; includeInIndex = 0; path = Taskly.app; sourceTree = BUILT_PRODUCTS_DIR; };
		4ACB58612259A0FA00387BC6 /* AppDelegate.swift */ = {isa = PBXFileReference; lastKnownFileType = sourcecode.swift; path = AppDelegate.swift; sourceTree = "<group>"; };
		4ACB58662259A0FA00387BC6 /* Base */ = {isa = PBXFileReference; lastKnownFileType = file.storyboard; name = Base; path = Base.lproj/Main.storyboard; sourceTree = "<group>"; };
		4ACB58682259A0FC00387BC6 /* Assets.xcassets */ = {isa = PBXFileReference; lastKnownFileType = folder.assetcatalog; path = Assets.xcassets; sourceTree = "<group>"; };
		4ACB586B2259A0FC00387BC6 /* Base */ = {isa = PBXFileReference; lastKnownFileType = file.storyboard; name = Base; path = Base.lproj/LaunchScreen.storyboard; sourceTree = "<group>"; };
		4ACB586D2259A0FC00387BC6 /* Info.plist */ = {isa = PBXFileReference; lastKnownFileType = text.plist.xml; path = Info.plist; sourceTree = "<group>"; };
		4ACB58732259A1A200387BC6 /* TasksController.swift */ = {isa = PBXFileReference; lastKnownFileType = sourcecode.swift; path = TasksController.swift; sourceTree = "<group>"; };
		4ACB58752259F0F200387BC6 /* Task.swift */ = {isa = PBXFileReference; lastKnownFileType = sourcecode.swift; path = Task.swift; sourceTree = "<group>"; };
		4ACB58772259F18300387BC6 /* TaskStore.swift */ = {isa = PBXFileReference; lastKnownFileType = sourcecode.swift; path = TaskStore.swift; sourceTree = "<group>"; };
		4ACB587E225A34D800387BC6 /* TasksUtility.swift */ = {isa = PBXFileReference; lastKnownFileType = sourcecode.swift; path = TasksUtility.swift; sourceTree = "<group>"; };
/* End PBXFileReference section */

/* Begin PBXFrameworksBuildPhase section */
		4ACB585B2259A0FA00387BC6 /* Frameworks */ = {
			isa = PBXFrameworksBuildPhase;
			buildActionMask = 2147483647;
			files = (
			);
			runOnlyForDeploymentPostprocessing = 0;
		};
/* End PBXFrameworksBuildPhase section */

/* Begin PBXGroup section */
		4ACB58552259A0FA00387BC6 = {
			isa = PBXGroup;
			children = (
				4ACB58602259A0FA00387BC6 /* Taskly */,
				4ACB585F2259A0FA00387BC6 /* Products */,
			);
			sourceTree = "<group>";
		};
		4ACB585F2259A0FA00387BC6 /* Products */ = {
			isa = PBXGroup;
			children = (
				4ACB585E2259A0FA00387BC6 /* Taskly.app */,
			);
			name = Products;
			sourceTree = "<group>";
		};
		4ACB58602259A0FA00387BC6 /* Taskly */ = {
			isa = PBXGroup;
			children = (
				4ACB58652259A0FA00387BC6 /* Main.storyboard */,
				4ACB587A225A32B100387BC6 /* Models */,
				4ACB587B225A32E600387BC6 /* Controllers */,
				4ACB587C225A330700387BC6 /* Helpers */,
				4ACB587D225A331A00387BC6 /* System */,
			);
			path = Taskly;
			sourceTree = "<group>";
		};
		4ACB587A225A32B100387BC6 /* Models */ = {
			isa = PBXGroup;
			children = (
				4ACB58752259F0F200387BC6 /* Task.swift */,
			);
			path = Models;
			sourceTree = "<group>";
		};
		4ACB587B225A32E600387BC6 /* Controllers */ = {
			isa = PBXGroup;
			children = (
				4ACB58732259A1A200387BC6 /* TasksController.swift */,
			);
			path = Controllers;
			sourceTree = "<group>";
		};
		4ACB587C225A330700387BC6 /* Helpers */ = {
			isa = PBXGroup;
			children = (
				4ACB58772259F18300387BC6 /* TaskStore.swift */,
				4ACB587E225A34D800387BC6 /* TasksUtility.swift */,
			);
			path = Helpers;
			sourceTree = "<group>";
		};
		4ACB587D225A331A00387BC6 /* System */ = {
			isa = PBXGroup;
			children = (
				4ACB58612259A0FA00387BC6 /* AppDelegate.swift */,
				4ACB58682259A0FC00387BC6 /* Assets.xcassets */,
				4ACB586A2259A0FC00387BC6 /* LaunchScreen.storyboard */,
				4ACB586D2259A0FC00387BC6 /* Info.plist */,
			);
			path = System;
			sourceTree = "<group>";
		};
/* End PBXGroup section */

/* Begin PBXNativeTarget section */
		4ACB585D2259A0FA00387BC6 /* Taskly */ = {
			isa = PBXNativeTarget;
			buildConfigurationList = 4ACB58702259A0FC00387BC6 /* Build configuration list for PBXNativeTarget "Taskly" */;
			buildPhases = (
				4ACB585A2259A0FA00387BC6 /* Sources */,
				4ACB585B2259A0FA00387BC6 /* Frameworks */,
				4ACB585C2259A0FA00387BC6 /* Resources */,
			);
			buildRules = (
			);
			dependencies = (
			);
			name = Taskly;
			productName = Taskly;
			productReference = 4ACB585E2259A0FA00387BC6 /* Taskly.app */;
			productType = "com.apple.product-type.application";
		};
/* End PBXNativeTarget section */

/* Begin PBXProject section */
		4ACB58562259A0FA00387BC6 /* Project object */ = {
			isa = PBXProject;
			attributes = {
				LastSwiftUpdateCheck = 1020;
				LastUpgradeCheck = 1020;
				ORGANIZATIONNAME = "Shohei Hayashi";
				TargetAttributes = {
					4ACB585D2259A0FA00387BC6 = {
						CreatedOnToolsVersion = 10.2;
					};
				};
			};
			buildConfigurationList = 4ACB58592259A0FA00387BC6 /* Build configuration list for PBXProject "Taskly" */;
			compatibilityVersion = "Xcode 9.3";
			developmentRegion = en;
			hasScannedForEncodings = 0;
			knownRegions = (
				en,
				Base,
			);
			mainGroup = 4ACB58552259A0FA00387BC6;
			productRefGroup = 4ACB585F2259A0FA00387BC6 /* Products */;
			projectDirPath = "";
			projectRoot = "";
			targets = (
				4ACB585D2259A0FA00387BC6 /* Taskly */,
			);
		};
/* End PBXProject section */

/* Begin PBXResourcesBuildPhase section */
		4ACB585C2259A0FA00387BC6 /* Resources */ = {
			isa = PBXResourcesBuildPhase;
			buildActionMask = 2147483647;
			files = (
				4ACB586C2259A0FC00387BC6 /* LaunchScreen.storyboard in Resources */,
				4ACB58692259A0FC00387BC6 /* Assets.xcassets in Resources */,
				4ACB58672259A0FA00387BC6 /* Main.storyboard in Resources */,
			);
			runOnlyForDeploymentPostprocessing = 0;
		};
/* End PBXResourcesBuildPhase section */

/* Begin PBXSourcesBuildPhase section */
		4ACB585A2259A0FA00387BC6 /* Sources */ = {
			isa = PBXSourcesBuildPhase;
			buildActionMask = 2147483647;
			files = (
				4ACB58742259A1A200387BC6 /* TasksController.swift in Sources */,
				4ACB58762259F0F200387BC6 /* Task.swift in Sources */,
				4ACB58782259F18300387BC6 /* TaskStore.swift in Sources */,
				4ACB587F225A34D800387BC6 /* TasksUtility.swift in Sources */,
				4ACB58622259A0FA00387BC6 /* AppDelegate.swift in Sources */,
			);
			runOnlyForDeploymentPostprocessing = 0;
		};
/* End PBXSourcesBuildPhase section */

/* Begin PBXVariantGroup section */
		4ACB58652259A0FA00387BC6 /* Main.storyboard */ = {
			isa = PBXVariantGroup;
			children = (
				4ACB58662259A0FA00387BC6 /* Base */,
			);
			name = Main.storyboard;
			sourceTree = "<group>";
		};
		4ACB586A2259A0FC00387BC6 /* LaunchScreen.storyboard */ = {
			isa = PBXVariantGroup;
			children = (
				4ACB586B2259A0FC00387BC6 /* Base */,
			);
			name = LaunchScreen.storyboard;
			sourceTree = "<group>";
		};
/* End PBXVariantGroup section */

/* Begin XCBuildConfiguration section */
		4ACB586E2259A0FC00387BC6 /* Debug */ = {
			isa = XCBuildConfiguration;
			buildSettings = {
				ALWAYS_SEARCH_USER_PATHS = NO;
				CLANG_ANALYZER_NONNULL = YES;
				CLANG_ANALYZER_NUMBER_OBJECT_CONVERSION = YES_AGGRESSIVE;
				CLANG_CXX_LANGUAGE_STANDARD = "gnu++14";
				CLANG_CXX_LIBRARY = "libc++";
				CLANG_ENABLE_MODULES = YES;
				CLANG_ENABLE_OBJC_ARC = YES;
				CLANG_ENABLE_OBJC_WEAK = YES;
				CLANG_WARN_BLOCK_CAPTURE_AUTORELEASING = YES;
				CLANG_WARN_BOOL_CONVERSION = YES;
				CLANG_WARN_COMMA = YES;
				CLANG_WARN_CONSTANT_CONVERSION = YES;
				CLANG_WARN_DEPRECATED_OBJC_IMPLEMENTATIONS = YES;
				CLANG_WARN_DIRECT_OBJC_ISA_USAGE = YES_ERROR;
				CLANG_WARN_DOCUMENTATION_COMMENTS = YES;
				CLANG_WARN_EMPTY_BODY = YES;
				CLANG_WARN_ENUM_CONVERSION = YES;
				CLANG_WARN_INFINITE_RECURSION = YES;
				CLANG_WARN_INT_CONVERSION = YES;
				CLANG_WARN_NON_LITERAL_NULL_CONVERSION = YES;
				CLANG_WARN_OBJC_IMPLICIT_RETAIN_SELF = YES;
				CLANG_WARN_OBJC_LITERAL_CONVERSION = YES;
				CLANG_WARN_OBJC_ROOT_CLASS = YES_ERROR;
				CLANG_WARN_RANGE_LOOP_ANALYSIS = YES;
				CLANG_WARN_STRICT_PROTOTYPES = YES;
				CLANG_WARN_SUSPICIOUS_MOVE = YES;
				CLANG_WARN_UNGUARDED_AVAILABILITY = YES_AGGRESSIVE;
				CLANG_WARN_UNREACHABLE_CODE = YES;
				CLANG_WARN__DUPLICATE_METHOD_MATCH = YES;
				CODE_SIGN_IDENTITY = "iPhone Developer";
				COPY_PHASE_STRIP = NO;
				DEBUG_INFORMATION_FORMAT = dwarf;
				ENABLE_STRICT_OBJC_MSGSEND = YES;
				ENABLE_TESTABILITY = YES;
				GCC_C_LANGUAGE_STANDARD = gnu11;
				GCC_DYNAMIC_NO_PIC = NO;
				GCC_NO_COMMON_BLOCKS = YES;
				GCC_OPTIMIZATION_LEVEL = 0;
				GCC_PREPROCESSOR_DEFINITIONS = (
					"DEBUG=1",
					"$(inherited)",
				);
				GCC_WARN_64_TO_32_BIT_CONVERSION = YES;
				GCC_WARN_ABOUT_RETURN_TYPE = YES_ERROR;
				GCC_WARN_UNDECLARED_SELECTOR = YES;
				GCC_WARN_UNINITIALIZED_AUTOS = YES_AGGRESSIVE;
				GCC_WARN_UNUSED_FUNCTION = YES;
				GCC_WARN_UNUSED_VARIABLE = YES;
				IPHONEOS_DEPLOYMENT_TARGET = 12.2;
				MTL_ENABLE_DEBUG_INFO = INCLUDE_SOURCE;
				MTL_FAST_MATH = YES;
				ONLY_ACTIVE_ARCH = YES;
				SDKROOT = iphoneos;
				SWIFT_ACTIVE_COMPILATION_CONDITIONS = DEBUG;
				SWIFT_OPTIMIZATION_LEVEL = "-Onone";
			};
			name = Debug;
		};
		4ACB586F2259A0FC00387BC6 /* Release */ = {
			isa = XCBuildConfiguration;
			buildSettings = {
				ALWAYS_SEARCH_USER_PATHS = NO;
				CLANG_ANALYZER_NONNULL = YES;
				CLANG_ANALYZER_NUMBER_OBJECT_CONVERSION = YES_AGGRESSIVE;
				CLANG_CXX_LANGUAGE_STANDARD = "gnu++14";
				CLANG_CXX_LIBRARY = "libc++";
				CLANG_ENABLE_MODULES = YES;
				CLANG_ENABLE_OBJC_ARC = YES;
				CLANG_ENABLE_OBJC_WEAK = YES;
				CLANG_WARN_BLOCK_CAPTURE_AUTORELEASING = YES;
				CLANG_WARN_BOOL_CONVERSION = YES;
				CLANG_WARN_COMMA = YES;
				CLANG_WARN_CONSTANT_CONVERSION = YES;
				CLANG_WARN_DEPRECATED_OBJC_IMPLEMENTATIONS = YES;
				CLANG_WARN_DIRECT_OBJC_ISA_USAGE = YES_ERROR;
				CLANG_WARN_DOCUMENTATION_COMMENTS = YES;
				CLANG_WARN_EMPTY_BODY = YES;
				CLANG_WARN_ENUM_CONVERSION = YES;
				CLANG_WARN_INFINITE_RECURSION = YES;
				CLANG_WARN_INT_CONVERSION = YES;
				CLANG_WARN_NON_LITERAL_NULL_CONVERSION = YES;
				CLANG_WARN_OBJC_IMPLICIT_RETAIN_SELF = YES;
				CLANG_WARN_OBJC_LITERAL_CONVERSION = YES;
				CLANG_WARN_OBJC_ROOT_CLASS = YES_ERROR;
				CLANG_WARN_RANGE_LOOP_ANALYSIS = YES;
				CLANG_WARN_STRICT_PROTOTYPES = YES;
				CLANG_WARN_SUSPICIOUS_MOVE = YES;
				CLANG_WARN_UNGUARDED_AVAILABILITY = YES_AGGRESSIVE;
				CLANG_WARN_UNREACHABLE_CODE = YES;
				CLANG_WARN__DUPLICATE_METHOD_MATCH = YES;
				CODE_SIGN_IDENTITY = "iPhone Developer";
				COPY_PHASE_STRIP = NO;
				DEBUG_INFORMATION_FORMAT = "dwarf-with-dsym";
				ENABLE_NS_ASSERTIONS = NO;
				ENABLE_STRICT_OBJC_MSGSEND = YES;
				GCC_C_LANGUAGE_STANDARD = gnu11;
				GCC_NO_COMMON_BLOCKS = YES;
				GCC_WARN_64_TO_32_BIT_CONVERSION = YES;
				GCC_WARN_ABOUT_RETURN_TYPE = YES_ERROR;
				GCC_WARN_UNDECLARED_SELECTOR = YES;
				GCC_WARN_UNINITIALIZED_AUTOS = YES_AGGRESSIVE;
				GCC_WARN_UNUSED_FUNCTION = YES;
				GCC_WARN_UNUSED_VARIABLE = YES;
				IPHONEOS_DEPLOYMENT_TARGET = 12.2;
				MTL_ENABLE_DEBUG_INFO = NO;
				MTL_FAST_MATH = YES;
				SDKROOT = iphoneos;
				SWIFT_COMPILATION_MODE = wholemodule;
				SWIFT_OPTIMIZATION_LEVEL = "-O";
				VALIDATE_PRODUCT = YES;
			};
			name = Release;
		};
		4ACB58712259A0FC00387BC6 /* Debug */ = {
			isa = XCBuildConfiguration;
			buildSettings = {
				ASSETCATALOG_COMPILER_APPICON_NAME = AppIcon;
				CODE_SIGN_STYLE = Automatic;
				DEVELOPMENT_TEAM = 3GTSC8DL76;
				INFOPLIST_FILE = "$(SRCROOT)/Taskly/System/Info.plist";
				LD_RUNPATH_SEARCH_PATHS = (
					"$(inherited)",
					"@executable_path/Frameworks",
				);
				PRODUCT_BUNDLE_IDENTIFIER = com.shoheihayashi.Taskly;
				PRODUCT_NAME = "$(TARGET_NAME)";
				SWIFT_VERSION = 5.0;
				TARGETED_DEVICE_FAMILY = "1,2";
			};
			name = Debug;
		};
		4ACB58722259A0FC00387BC6 /* Release */ = {
			isa = XCBuildConfiguration;
			buildSettings = {
				ASSETCATALOG_COMPILER_APPICON_NAME = AppIcon;
				CODE_SIGN_STYLE = Automatic;
				DEVELOPMENT_TEAM = 3GTSC8DL76;
				INFOPLIST_FILE = "$(SRCROOT)/Taskly/System/Info.plist";
				LD_RUNPATH_SEARCH_PATHS = (
					"$(inherited)",
					"@executable_path/Frameworks",
				);
				PRODUCT_BUNDLE_IDENTIFIER = com.shoheihayashi.Taskly;
				PRODUCT_NAME = "$(TARGET_NAME)";
				SWIFT_VERSION = 5.0;
				TARGETED_DEVICE_FAMILY = "1,2";
			};
			name = Release;
		};
/* End XCBuildConfiguration section */

/* Begin XCConfigurationList section */
		4ACB58592259A0FA00387BC6 /* Build configuration list for PBXProject "Taskly" */ = {
			isa = XCConfigurationList;
			buildConfigurations = (
				4ACB586E2259A0FC00387BC6 /* Debug */,
				4ACB586F2259A0FC00387BC6 /* Release */,
			);
			defaultConfigurationIsVisible = 0;
			defaultConfigurationName = Release;
		};
		4ACB58702259A0FC00387BC6 /* Build configuration list for PBXNativeTarget "Taskly" */ = {
			isa = XCConfigurationList;
			buildConfigurations = (
				4ACB58712259A0FC00387BC6 /* Debug */,
				4ACB58722259A0FC00387BC6 /* Release */,
			);
			defaultConfigurationIsVisible = 0;
			defaultConfigurationName = Release;
		};
/* End XCConfigurationList section */
	};
	rootObject = 4ACB58562259A0FA00387BC6 /* Project object */;
}
